
Microsoft Visual Studio Solution File, Format Version 9.00
# Visual Studio 2005
Project("{FAE04EC0-301F-11D3-BF4B-00C04F79EFBC}") = "DCSoft.RTF", "DCSoft.RTF.csproj", "{D35F9B37-CF93-48AE-9A1A-3A99930F04FB}"
EndProject
Global
	GlobalSection(SourceCodeControl) = preSolution
		SccNumberOfProjects = 1
		SccProjectUniqueName0 = DCSoft.RTF.csproj
		SccProjectName0 = \u0022$/2008004-报表软件/01开发库/08代码/Main/RTF\u0022,\u0020KOFCAAAA
		SccLocalPath0 = .
		SccProvider0 = MSSCCI:Microsoft\u0020Visual\u0020SourceSafe
	EndGlobalSection
	GlobalSection(SolutionConfigurationPlatforms) = preSolution
		Debug|Any CPU = Debug|Any CPU
		Release|Any CPU = Release|Any CPU
	EndGlobalSection
	GlobalSection(ProjectConfigurationPlatforms) = postSolution
		{D35F9B37-CF93-48AE-9A1A-3A99930F04FB}.Debug|Any CPU.ActiveCfg = Debug|Any CPU
		{D35F9B37-CF93-48AE-9A1A-3A99930F04FB}.Debug|Any CPU.Build.0 = Debug|Any CPU
		{D35F9B37-CF93-48AE-9A1A-3A99930F04FB}.Release|Any CPU.ActiveCfg = Release|Any CPU
		{D35F9B37-CF93-48AE-9A1A-3A99930F04FB}.Release|Any CPU.Build.0 = Release|Any CPU
	EndGlobalSection
	GlobalSection(SolutionProperties) = preSolution
		HideSolutionNode = FALSE
	EndGlobalSection
EndGlobal
