
Microsoft Visual Studio Solution File, Format Version 11.00
# Visual Studio 2010
Project("{FAE04EC0-301F-11D3-BF4B-00C04F79EFBC}") = "RtfDomParser", "RtfDomParser\RtfDomParser.csproj", "{D35F9B37-CF93-48AE-9A1A-3A99930F04FB}"
EndProject
Project("{FAE04EC0-301F-11D3-BF4B-00C04F79EFBC}") = "RtfDomParser.WinFormsDemo", "RtfDomParser.WinFormsDemo\RtfDomParser.WinFormsDemo.csproj", "{E91ECAF1-8270-4BD2-8517-5F28DF5B8058}"
EndProject
Global
	GlobalSection(SolutionConfigurationPlatforms) = preSolution
		Debug|Any CPU = Debug|Any CPU
		Release|Any CPU = Release|Any CPU
	EndGlobalSection
	GlobalSection(ProjectConfigurationPlatforms) = postSolution
		{D35F9B37-CF93-48AE-9A1A-3A99930F04FB}.Debug|Any CPU.ActiveCfg = Debug|Any CPU
		{D35F9B37-CF93-48AE-9A1A-3A99930F04FB}.Debug|Any CPU.Build.0 = Debug|Any CPU
		{D35F9B37-CF93-48AE-9A1A-3A99930F04FB}.Release|Any CPU.ActiveCfg = Release|Any CPU
		{D35F9B37-CF93-48AE-9A1A-3A99930F04FB}.Release|Any CPU.Build.0 = Release|Any CPU
		{E91ECAF1-8270-4BD2-8517-5F28DF5B8058}.Debug|Any CPU.ActiveCfg = Debug|Any CPU
		{E91ECAF1-8270-4BD2-8517-5F28DF5B8058}.Debug|Any CPU.Build.0 = Debug|Any CPU
		{E91ECAF1-8270-4BD2-8517-5F28DF5B8058}.Release|Any CPU.ActiveCfg = Release|Any CPU
		{E91ECAF1-8270-4BD2-8517-5F28DF5B8058}.Release|Any CPU.Build.0 = Release|Any CPU
	EndGlobalSection
	GlobalSection(SolutionProperties) = preSolution
		HideSolutionNode = FALSE
	EndGlobalSection
EndGlobal
