
Microsoft Visual Studio Solution File, Format Version 12.00
# Visual Studio 14
VisualStudioVersion = 14.0.23107.0
MinimumVisualStudioVersion = 10.0.40219.1
Project("{2150E333-8FDC-42A3-9474-1A3956D46DE8}") = "Solution Items", "Solution Items", "{216DF09C-9B07-4186-A4E0-62D592A8783A}"
	ProjectSection(SolutionItems) = preProject
		readme.rtf = readme.rtf
	EndProjectSection
EndProject
Project("{FAE04EC0-301F-11D3-BF4B-00C04F79EFBC}") = "XDesigner.RTF", "Source\XDesigner.RTF.csproj", "{D35F9B37-CF93-48AE-9A1A-3A99930F04FB}"
EndProject
Project("{FAE04EC0-301F-11D3-BF4B-00C04F79EFBC}") = "XDesigner.RTF.Test", "Test\XDesigner.RTF.Test.csproj", "{E91ECAF1-8270-4BD2-8517-5F28DF5B8058}"
EndProject
Global
	GlobalSection(SolutionConfigurationPlatforms) = preSolution
		Debug|Any CPU = Debug|Any CPU
		Release|Any CPU = Release|Any CPU
	EndGlobalSection
	GlobalSection(ProjectConfigurationPlatforms) = postSolution
		{D35F9B37-CF93-48AE-9A1A-3A99930F04FB}.Debug|Any CPU.ActiveCfg = Debug|Any CPU
		{D35F9B37-CF93-48AE-9A1A-3A99930F04FB}.Debug|Any CPU.Build.0 = Debug|Any CPU
		{D35F9B37-CF93-48AE-9A1A-3A99930F04FB}.Release|Any CPU.ActiveCfg = Release|Any CPU
		{D35F9B37-CF93-48AE-9A1A-3A99930F04FB}.Release|Any CPU.Build.0 = Release|Any CPU
		{E91ECAF1-8270-4BD2-8517-5F28DF5B8058}.Debug|Any CPU.ActiveCfg = Debug|Any CPU
		{E91ECAF1-8270-4BD2-8517-5F28DF5B8058}.Debug|Any CPU.Build.0 = Debug|Any CPU
		{E91ECAF1-8270-4BD2-8517-5F28DF5B8058}.Release|Any CPU.ActiveCfg = Release|Any CPU
		{E91ECAF1-8270-4BD2-8517-5F28DF5B8058}.Release|Any CPU.Build.0 = Release|Any CPU
	EndGlobalSection
	GlobalSection(SolutionProperties) = preSolution
		HideSolutionNode = FALSE
	EndGlobalSection
EndGlobal
